{
  "name": "@terzogenito/rss-get",
  "version": "1.0.0",
  "lockfileVersion": 3,
  "requires": true,
  "packages": {
    "": {
      "name": "@terzogenito/rss-get",
      "version": "1.0.0",
      "license": "MIT",
      "dependencies": {
        "@terzogenito/file-utils": "^1.0.0"
      },
      "engines": {
        "node": ">=21.6.1"
      }
    },
    "node_modules/@terzogenito/file-utils": {
      "version": "1.0.0",
      "resolved": "https://registry.npmjs.org/@terzogenito/file-utils/-/file-utils-1.0.0.tgz",
      "integrity": "sha512-KrT0/hh8WnMSmmMy7diPeG8AkgFu8LcEF+8ZDTtoFBUwMEwt0WW+xelbp9yjxTX1/RoTrR9rLRXgmRIJItRRFQ==",
      "dependencies": {
        "@terzogenito/json-utils": "^1.0.6"
      },
      "engines": {
        "node": ">=21.6.1"
      }
    },
    "node_modules/@terzogenito/json-utils": {
      "version": "1.0.6",
      "resolved": "https://registry.npmjs.org/@terzogenito/json-utils/-/json-utils-1.0.6.tgz",
      "integrity": "sha512-KYBEBU2Y67vecRmioqTBpfogoiQUGpZLdySwGeZFiq7mccAnz37PiLf8Mi2AztrdBiXAomMBTyC5QtcwjNAkIg==",
      "engines": {
        "node": ">=21.6.1"
      }
    }
  }
}
